{
  "name": "chat-app",
  "version": "1.0.0",
  "lockfileVersion": 3,
  "requires": true,
  "packages": {
    "": {
      "name": "chat-app",
      "version": "1.0.0",
      "license": "ISC",
      "devDependencies": {
        "vite-bundle-analyzer": "^0.18.1"
      }
    },
    "node_modules/vite-bundle-analyzer": {
      "version": "0.18.1",
      "resolved": "https://registry.npmjs.org/vite-bundle-analyzer/-/vite-bundle-analyzer-0.18.1.tgz",
      "integrity": "sha512-VQgrvxRuiZuOhM61p85lGpxzWR3TUbgn1LYtCBL09LUVoKy+yoxPwWTq+ihuPqT5L4tp0Jiiaa/dGYIRF8Guag==",
      "dev": true,
      "license": "MIT",
      "bin": {
        "analyze": "dist/bin.js"
      }
    }
  }
}
